
Microsoft Visual Studio Solution File, Format Version 12.00
# Visual Studio Version 17
VisualStudioVersion = 17.3.32804.467
MinimumVisualStudioVersion = 10.0.40219.1
Project("{FAE04EC0-301F-11D3-BF4B-00C04F79EFBC}") = "DataAccess", "DataAccess\DataAccess.csproj", "{C0603331-95FB-4D98-8DC4-0DB6FD190EEB}"
EndProject
Project("{FAE04EC0-301F-11D3-BF4B-00C04F79EFBC}") = "Business", "Business\Business.csproj", "{8081C8DB-EAFD-4093-B308-C2E276B78D84}"
EndProject
Project("{FAE04EC0-301F-11D3-BF4B-00C04F79EFBC}") = "Entities", "Entities\Entities.csproj", "{7C0EAF0C-1BB6-4DAF-8229-48C92A822685}"
EndProject
Project("{FAE04EC0-301F-11D3-BF4B-00C04F79EFBC}") = "ConsoleUI", "ConsoleUI\ConsoleUI.csproj", "{EDF96439-4919-4A5A-8E4B-F10FECDCE17C}"
EndProject
Global
	GlobalSection(SolutionConfigurationPlatforms) = preSolution
		Debug|Any CPU = Debug|Any CPU
		Release|Any CPU = Release|Any CPU
	EndGlobalSection
	GlobalSection(ProjectConfigurationPlatforms) = postSolution
		{C0603331-95FB-4D98-8DC4-0DB6FD190EEB}.Debug|Any CPU.ActiveCfg = Debug|Any CPU
		{C0603331-95FB-4D98-8DC4-0DB6FD190EEB}.Debug|Any CPU.Build.0 = Debug|Any CPU
		{C0603331-95FB-4D98-8DC4-0DB6FD190EEB}.Release|Any CPU.ActiveCfg = Release|Any CPU
		{C0603331-95FB-4D98-8DC4-0DB6FD190EEB}.Release|Any CPU.Build.0 = Release|Any CPU
		{8081C8DB-EAFD-4093-B308-C2E276B78D84}.Debug|Any CPU.ActiveCfg = Debug|Any CPU
		{8081C8DB-EAFD-4093-B308-C2E276B78D84}.Debug|Any CPU.Build.0 = Debug|Any CPU
		{8081C8DB-EAFD-4093-B308-C2E276B78D84}.Release|Any CPU.ActiveCfg = Release|Any CPU
		{8081C8DB-EAFD-4093-B308-C2E276B78D84}.Release|Any CPU.Build.0 = Release|Any CPU
		{7C0EAF0C-1BB6-4DAF-8229-48C92A822685}.Debug|Any CPU.ActiveCfg = Debug|Any CPU
		{7C0EAF0C-1BB6-4DAF-8229-48C92A822685}.Debug|Any CPU.Build.0 = Debug|Any CPU
		{7C0EAF0C-1BB6-4DAF-8229-48C92A822685}.Release|Any CPU.ActiveCfg = Release|Any CPU
		{7C0EAF0C-1BB6-4DAF-8229-48C92A822685}.Release|Any CPU.Build.0 = Release|Any CPU
		{EDF96439-4919-4A5A-8E4B-F10FECDCE17C}.Debug|Any CPU.ActiveCfg = Debug|Any CPU
		{EDF96439-4919-4A5A-8E4B-F10FECDCE17C}.Debug|Any CPU.Build.0 = Debug|Any CPU
		{EDF96439-4919-4A5A-8E4B-F10FECDCE17C}.Release|Any CPU.ActiveCfg = Release|Any CPU
		{EDF96439-4919-4A5A-8E4B-F10FECDCE17C}.Release|Any CPU.Build.0 = Release|Any CPU
	EndGlobalSection
	GlobalSection(SolutionProperties) = preSolution
		HideSolutionNode = FALSE
	EndGlobalSection
	GlobalSection(ExtensibilityGlobals) = postSolution
		SolutionGuid = {29DB14FF-7D2E-468E-9031-878EC9E0AA8B}
	EndGlobalSection
EndGlobal
